
Microsoft Visual Studio Solution File, Format Version 12.00
# Visual Studio Version 17
VisualStudioVersion = 17.5.002.0
MinimumVisualStudioVersion = 10.0.40219.1
Project("{9A19103F-16F7-4668-BE54-9A1E7A4F7556}") = "BankingTransactionAPI", "BankingTransactionAPI.csproj", "{467DC8AF-4B7F-4D14-9DF4-424C95A18EED}"
EndProject
Global
	GlobalSection(SolutionConfigurationPlatforms) = preSolution
		Debug|Any CPU = Debug|Any CPU
		Release|Any CPU = Release|Any CPU
	EndGlobalSection
	GlobalSection(ProjectConfigurationPlatforms) = postSolution
		{467DC8AF-4B7F-4D14-9DF4-424C95A18EED}.Debug|Any CPU.ActiveCfg = Debug|Any CPU
		{467DC8AF-4B7F-4D14-9DF4-424C95A18EED}.Debug|Any CPU.Build.0 = Debug|Any CPU
		{467DC8AF-4B7F-4D14-9DF4-424C95A18EED}.Release|Any CPU.ActiveCfg = Release|Any CPU
		{467DC8AF-4B7F-4D14-9DF4-424C95A18EED}.Release|Any CPU.Build.0 = Release|Any CPU
	EndGlobalSection
	GlobalSection(SolutionProperties) = preSolution
		HideSolutionNode = FALSE
	EndGlobalSection
	GlobalSection(ExtensibilityGlobals) = postSolution
		SolutionGuid = {185B3488-3F95-40C9-A4D8-11F16D3C387B}
	EndGlobalSection
EndGlobal
